
Microsoft Visual Studio Solution File, Format Version 12.00
# Visual Studio Version 17
VisualStudioVersion = 17.3.32922.545
MinimumVisualStudioVersion = 10.0.40219.1
Project("{8BC9CEB8-8B4A-11D0-8D11-00A0C91BC942}") = "No Escape", "No Escape\No Escape.vcxproj", "{C5B839F6-6EDB-45FC-86D4-3155C3AFE765}"
EndProject
Global
	GlobalSection(SolutionConfigurationPlatforms) = preSolution
		Debug|x64 = Debug|x64
		Debug|x86 = Debug|x86
		Release|x64 = Release|x64
		Release|x86 = Release|x86
	EndGlobalSection
	GlobalSection(ProjectConfigurationPlatforms) = postSolution
		{C5B839F6-6EDB-45FC-86D4-3155C3AFE765}.Debug|x64.ActiveCfg = Debug|x64
		{C5B839F6-6EDB-45FC-86D4-3155C3AFE765}.Debug|x64.Build.0 = Debug|x64
		{C5B839F6-6EDB-45FC-86D4-3155C3AFE765}.Debug|x86.ActiveCfg = Debug|Win32
		{C5B839F6-6EDB-45FC-86D4-3155C3AFE765}.Debug|x86.Build.0 = Debug|Win32
		{C5B839F6-6EDB-45FC-86D4-3155C3AFE765}.Release|x64.ActiveCfg = Release|x64
		{C5B839F6-6EDB-45FC-86D4-3155C3AFE765}.Release|x64.Build.0 = Release|x64
		{C5B839F6-6EDB-45FC-86D4-3155C3AFE765}.Release|x86.ActiveCfg = Release|Win32
		{C5B839F6-6EDB-45FC-86D4-3155C3AFE765}.Release|x86.Build.0 = Release|Win32
	EndGlobalSection
	GlobalSection(SolutionProperties) = preSolution
		HideSolutionNode = FALSE
	EndGlobalSection
	GlobalSection(ExtensibilityGlobals) = postSolution
		SolutionGuid = {2F48A25C-8481-48BD-9C10-8DC044386674}
	EndGlobalSection
EndGlobal
